// !$*UTF8*$!
{
	archiveVersion = 1;
	classes = {
	};
	objectVersion = 56;
	objects = {

/* Begin PBXBuildFile section */
		9E41E9542A8026AD00938B42 /* CommonPlaceHolderTextView.swift in Sources */ = {isa = PBXBuildFile; fileRef = 9E41E9532A8026AD00938B42 /* CommonPlaceHolderTextView.swift */; };
		9EE2F4AE2A7FD19500B6B7A6 /* AppDelegate.swift in Sources */ = {isa = PBXBuildFile; fileRef = 9EE2F4AD2A7FD19500B6B7A6 /* AppDelegate.swift */; };
		9EE2F4B02A7FD19500B6B7A6 /* SceneDelegate.swift in Sources */ = {isa = PBXBuildFile; fileRef = 9EE2F4AF2A7FD19500B6B7A6 /* SceneDelegate.swift */; };
		9EE2F4B22A7FD19500B6B7A6 /* ViewController.swift in Sources */ = {isa = PBXBuildFile; fileRef = 9EE2F4B12A7FD19500B6B7A6 /* ViewController.swift */; };
		9EE2F4B52A7FD19500B6B7A6 /* Main.storyboard in Resources */ = {isa = PBXBuildFile; fileRef = 9EE2F4B32A7FD19500B6B7A6 /* Main.storyboard */; };
		9EE2F4B82A7FD19500B6B7A6 /* Chatbot.xcdatamodeld in Sources */ = {isa = PBXBuildFile; fileRef = 9EE2F4B62A7FD19500B6B7A6 /* Chatbot.xcdatamodeld */; };
		9EE2F4BA2A7FD19700B6B7A6 /* Assets.xcassets in Resources */ = {isa = PBXBuildFile; fileRef = 9EE2F4B92A7FD19700B6B7A6 /* Assets.xcassets */; };
		9EE2F4BD2A7FD19700B6B7A6 /* LaunchScreen.storyboard in Resources */ = {isa = PBXBuildFile; fileRef = 9EE2F4BB2A7FD19700B6B7A6 /* LaunchScreen.storyboard */; };
		9EE2F4C82A7FD19800B6B7A6 /* ChatbotTests.swift in Sources */ = {isa = PBXBuildFile; fileRef = 9EE2F4C72A7FD19800B6B7A6 /* ChatbotTests.swift */; };
		9EE2F4D22A7FD19800B6B7A6 /* ChatbotUITests.swift in Sources */ = {isa = PBXBuildFile; fileRef = 9EE2F4D12A7FD19800B6B7A6 /* ChatbotUITests.swift */; };
		9EE2F4D42A7FD19800B6B7A6 /* ChatbotUITestsLaunchTests.swift in Sources */ = {isa = PBXBuildFile; fileRef = 9EE2F4D32A7FD19800B6B7A6 /* ChatbotUITestsLaunchTests.swift */; };
		9EE2F4E72A7FD9F600B6B7A6 /* ChatbotVC.swift in Sources */ = {isa = PBXBuildFile; fileRef = 9EE2F4E52A7FD9F600B6B7A6 /* ChatbotVC.swift */; };
		9EE2F4E82A7FD9F600B6B7A6 /* ChatbotVC.xib in Resources */ = {isa = PBXBuildFile; fileRef = 9EE2F4E62A7FD9F600B6B7A6 /* ChatbotVC.xib */; };
		9EE2F4EA2A7FDB3B00B6B7A6 /* Extention.swift in Sources */ = {isa = PBXBuildFile; fileRef = 9EE2F4E92A7FDB3B00B6B7A6 /* Extention.swift */; };
		9EE2F4EE2A7FDBBC00B6B7A6 /* RightChatTableViewCell.swift in Sources */ = {isa = PBXBuildFile; fileRef = 9EE2F4EC2A7FDBBC00B6B7A6 /* RightChatTableViewCell.swift */; };
		9EE2F4EF2A7FDBBC00B6B7A6 /* RightChatTableViewCell.xib in Resources */ = {isa = PBXBuildFile; fileRef = 9EE2F4ED2A7FDBBC00B6B7A6 /* RightChatTableViewCell.xib */; };
		9EE2F4F22A7FDBD600B6B7A6 /* LeftChatTableViewCell.swift in Sources */ = {isa = PBXBuildFile; fileRef = 9EE2F4F02A7FDBD600B6B7A6 /* LeftChatTableViewCell.swift */; };
		9EE2F4F32A7FDBD600B6B7A6 /* LeftChatTableViewCell.xib in Resources */ = {isa = PBXBuildFile; fileRef = 9EE2F4F12A7FDBD600B6B7A6 /* LeftChatTableViewCell.xib */; };
		9EE2F4F52A7FDC1800B6B7A6 /* TypingIndicatorView.swift in Sources */ = {isa = PBXBuildFile; fileRef = 9EE2F4F42A7FDC1800B6B7A6 /* TypingIndicatorView.swift */; };
		9EE2F4F82A7FE28200B6B7A6 /* ApiManager.swift in Sources */ = {isa = PBXBuildFile; fileRef = 9EE2F4F72A7FE28200B6B7A6 /* ApiManager.swift */; };
/* End PBXBuildFile section */

/* Begin PBXContainerItemProxy section */
		9EE2F4C42A7FD19700B6B7A6 /* PBXContainerItemProxy */ = {
			isa = PBXContainerItemProxy;
			containerPortal = 9EE2F4A22A7FD19500B6B7A6 /* Project object */;
			proxyType = 1;
			remoteGlobalIDString = 9EE2F4A92A7FD19500B6B7A6;
			remoteInfo = Chatbot;
		};
		9EE2F4CE2A7FD19800B6B7A6 /* PBXContainerItemProxy */ = {
			isa = PBXContainerItemProxy;
			containerPortal = 9EE2F4A22A7FD19500B6B7A6 /* Project object */;
			proxyType = 1;
			remoteGlobalIDString = 9EE2F4A92A7FD19500B6B7A6;
			remoteInfo = Chatbot;
		};
/* End PBXContainerItemProxy section */

/* Begin PBXFileReference section */
		9E41E9532A8026AD00938B42 /* CommonPlaceHolderTextView.swift */ = {isa = PBXFileReference; lastKnownFileType = sourcecode.swift; path = CommonPlaceHolderTextView.swift; sourceTree = "<group>"; };
		9EE2F4AA2A7FD19500B6B7A6 /* Chatbot.app */ = {isa = PBXFileReference; explicitFileType = wrapper.application; includeInIndex = 0; path = Chatbot.app; sourceTree = BUILT_PRODUCTS_DIR; };
		9EE2F4AD2A7FD19500B6B7A6 /* AppDelegate.swift */ = {isa = PBXFileReference; lastKnownFileType = sourcecode.swift; path = AppDelegate.swift; sourceTree = "<group>"; };
		9EE2F4AF2A7FD19500B6B7A6 /* SceneDelegate.swift */ = {isa = PBXFileReference; lastKnownFileType = sourcecode.swift; path = SceneDelegate.swift; sourceTree = "<group>"; };
		9EE2F4B12A7FD19500B6B7A6 /* ViewController.swift */ = {isa = PBXFileReference; lastKnownFileType = sourcecode.swift; path = ViewController.swift; sourceTree = "<group>"; };
		9EE2F4B42A7FD19500B6B7A6 /* Base */ = {isa = PBXFileReference; lastKnownFileType = file.storyboard; name = Base; path = Base.lproj/Main.storyboard; sourceTree = "<group>"; };
		9EE2F4B72A7FD19500B6B7A6 /* Chatbot.xcdatamodel */ = {isa = PBXFileReference; lastKnownFileType = wrapper.xcdatamodel; path = Chatbot.xcdatamodel; sourceTree = "<group>"; };
		9EE2F4B92A7FD19700B6B7A6 /* Assets.xcassets */ = {isa = PBXFileReference; lastKnownFileType = folder.assetcatalog; path = Assets.xcassets; sourceTree = "<group>"; };
		9EE2F4BC2A7FD19700B6B7A6 /* Base */ = {isa = PBXFileReference; lastKnownFileType = file.storyboard; name = Base; path = Base.lproj/LaunchScreen.storyboard; sourceTree = "<group>"; };
		9EE2F4BE2A7FD19700B6B7A6 /* Info.plist */ = {isa = PBXFileReference; lastKnownFileType = text.plist.xml; path = Info.plist; sourceTree = "<group>"; };
		9EE2F4C32A7FD19700B6B7A6 /* ChatbotTests.xctest */ = {isa = PBXFileReference; explicitFileType = wrapper.cfbundle; includeInIndex = 0; path = ChatbotTests.xctest; sourceTree = BUILT_PRODUCTS_DIR; };
		9EE2F4C72A7FD19800B6B7A6 /* ChatbotTests.swift */ = {isa = PBXFileReference; lastKnownFileType = sourcecode.swift; path = ChatbotTests.swift; sourceTree = "<group>"; };
		9EE2F4CD2A7FD19800B6B7A6 /* ChatbotUITests.xctest */ = {isa = PBXFileReference; explicitFileType = wrapper.cfbundle; includeInIndex = 0; path = ChatbotUITests.xctest; sourceTree = BUILT_PRODUCTS_DIR; };
		9EE2F4D12A7FD19800B6B7A6 /* ChatbotUITests.swift */ = {isa = PBXFileReference; lastKnownFileType = sourcecode.swift; path = ChatbotUITests.swift; sourceTree = "<group>"; };
		9EE2F4D32A7FD19800B6B7A6 /* ChatbotUITestsLaunchTests.swift */ = {isa = PBXFileReference; lastKnownFileType = sourcecode.swift; path = ChatbotUITestsLaunchTests.swift; sourceTree = "<group>"; };
		9EE2F4E52A7FD9F600B6B7A6 /* ChatbotVC.swift */ = {isa = PBXFileReference; lastKnownFileType = sourcecode.swift; path = ChatbotVC.swift; sourceTree = "<group>"; };
		9EE2F4E62A7FD9F600B6B7A6 /* ChatbotVC.xib */ = {isa = PBXFileReference; lastKnownFileType = file.xib; path = ChatbotVC.xib; sourceTree = "<group>"; };
		9EE2F4E92A7FDB3B00B6B7A6 /* Extention.swift */ = {isa = PBXFileReference; lastKnownFileType = sourcecode.swift; path = Extention.swift; sourceTree = "<group>"; };
		9EE2F4EC2A7FDBBC00B6B7A6 /* RightChatTableViewCell.swift */ = {isa = PBXFileReference; lastKnownFileType = sourcecode.swift; path = RightChatTableViewCell.swift; sourceTree = "<group>"; };
		9EE2F4ED2A7FDBBC00B6B7A6 /* RightChatTableViewCell.xib */ = {isa = PBXFileReference; lastKnownFileType = file.xib; path = RightChatTableViewCell.xib; sourceTree = "<group>"; };
		9EE2F4F02A7FDBD600B6B7A6 /* LeftChatTableViewCell.swift */ = {isa = PBXFileReference; lastKnownFileType = sourcecode.swift; path = LeftChatTableViewCell.swift; sourceTree = "<group>"; };
		9EE2F4F12A7FDBD600B6B7A6 /* LeftChatTableViewCell.xib */ = {isa = PBXFileReference; lastKnownFileType = file.xib; path = LeftChatTableViewCell.xib; sourceTree = "<group>"; };
		9EE2F4F42A7FDC1800B6B7A6 /* TypingIndicatorView.swift */ = {isa = PBXFileReference; lastKnownFileType = sourcecode.swift; path = TypingIndicatorView.swift; sourceTree = "<group>"; };
		9EE2F4F72A7FE28200B6B7A6 /* ApiManager.swift */ = {isa = PBXFileReference; lastKnownFileType = sourcecode.swift; path = ApiManager.swift; sourceTree = "<group>"; };
/* End PBXFileReference section */

/* Begin PBXFrameworksBuildPhase section */
		9EE2F4A72A7FD19500B6B7A6 /* Frameworks */ = {
			isa = PBXFrameworksBuildPhase;
			buildActionMask = 2147483647;
			files = (
			);
			runOnlyForDeploymentPostprocessing = 0;
		};
		9EE2F4C02A7FD19700B6B7A6 /* Frameworks */ = {
			isa = PBXFrameworksBuildPhase;
			buildActionMask = 2147483647;
			files = (
			);
			runOnlyForDeploymentPostprocessing = 0;
		};
		9EE2F4CA2A7FD19800B6B7A6 /* Frameworks */ = {
			isa = PBXFrameworksBuildPhase;
			buildActionMask = 2147483647;
			files = (
			);
			runOnlyForDeploymentPostprocessing = 0;
		};
/* End PBXFrameworksBuildPhase section */

/* Begin PBXGroup section */
		16ADE16365D28ED25317DFA9 /* Pods */ = {
			isa = PBXGroup;
			children = (
			);
			path = Pods;
			sourceTree = "<group>";
		};
		9EE2F4A12A7FD19500B6B7A6 = {
			isa = PBXGroup;
			children = (
				9EE2F4AC2A7FD19500B6B7A6 /* Chatbot */,
				9EE2F4C62A7FD19800B6B7A6 /* ChatbotTests */,
				9EE2F4D02A7FD19800B6B7A6 /* ChatbotUITests */,
				9EE2F4AB2A7FD19500B6B7A6 /* Products */,
				16ADE16365D28ED25317DFA9 /* Pods */,
			);
			sourceTree = "<group>";
		};
		9EE2F4AB2A7FD19500B6B7A6 /* Products */ = {
			isa = PBXGroup;
			children = (
				9EE2F4AA2A7FD19500B6B7A6 /* Chatbot.app */,
				9EE2F4C32A7FD19700B6B7A6 /* ChatbotTests.xctest */,
				9EE2F4CD2A7FD19800B6B7A6 /* ChatbotUITests.xctest */,
			);
			name = Products;
			sourceTree = "<group>";
		};
		9EE2F4AC2A7FD19500B6B7A6 /* Chatbot */ = {
			isa = PBXGroup;
			children = (
				9EE2F4FB2A7FE55800B6B7A6 /* Helper */,
				9EE2F4F62A7FE26A00B6B7A6 /* Manager */,
				9EE2F4AD2A7FD19500B6B7A6 /* AppDelegate.swift */,
				9EE2F4AF2A7FD19500B6B7A6 /* SceneDelegate.swift */,
				9EE2F4E32A7FD98C00B6B7A6 /* View */,
				9EE2F4E22A7FD97C00B6B7A6 /* Controller */,
				9EE2F4E02A7FD96A00B6B7A6 /* Model */,
				9EE2F4B92A7FD19700B6B7A6 /* Assets.xcassets */,
				9EE2F4BB2A7FD19700B6B7A6 /* LaunchScreen.storyboard */,
				9EE2F4BE2A7FD19700B6B7A6 /* Info.plist */,
				9EE2F4B62A7FD19500B6B7A6 /* Chatbot.xcdatamodeld */,
			);
			path = Chatbot;
			sourceTree = "<group>";
		};
		9EE2F4C62A7FD19800B6B7A6 /* ChatbotTests */ = {
			isa = PBXGroup;
			children = (
				9EE2F4C72A7FD19800B6B7A6 /* ChatbotTests.swift */,
			);
			path = ChatbotTests;
			sourceTree = "<group>";
		};
		9EE2F4D02A7FD19800B6B7A6 /* ChatbotUITests */ = {
			isa = PBXGroup;
			children = (
				9EE2F4D12A7FD19800B6B7A6 /* ChatbotUITests.swift */,
				9EE2F4D32A7FD19800B6B7A6 /* ChatbotUITestsLaunchTests.swift */,
			);
			path = ChatbotUITests;
			sourceTree = "<group>";
		};
		9EE2F4E02A7FD96A00B6B7A6 /* Model */ = {
			isa = PBXGroup;
			children = (
			);
			path = Model;
			sourceTree = "<group>";
		};
		9EE2F4E22A7FD97C00B6B7A6 /* Controller */ = {
			isa = PBXGroup;
			children = (
				9EE2F4E42A7FD9CB00B6B7A6 /* chatbot */,
				9EE2F4B12A7FD19500B6B7A6 /* ViewController.swift */,
			);
			path = Controller;
			sourceTree = "<group>";
		};
		9EE2F4E32A7FD98C00B6B7A6 /* View */ = {
			isa = PBXGroup;
			children = (
				9EE2F4EB2A7FDB9200B6B7A6 /* chatbotCells */,
				9EE2F4B32A7FD19500B6B7A6 /* Main.storyboard */,
			);
			path = View;
			sourceTree = "<group>";
		};
		9EE2F4E42A7FD9CB00B6B7A6 /* chatbot */ = {
			isa = PBXGroup;
			children = (
				9EE2F4E52A7FD9F600B6B7A6 /* ChatbotVC.swift */,
				9EE2F4E62A7FD9F600B6B7A6 /* ChatbotVC.xib */,
				9EE2F4F42A7FDC1800B6B7A6 /* TypingIndicatorView.swift */,
			);
			path = chatbot;
			sourceTree = "<group>";
		};
		9EE2F4EB2A7FDB9200B6B7A6 /* chatbotCells */ = {
			isa = PBXGroup;
			children = (
				9EE2F4EC2A7FDBBC00B6B7A6 /* RightChatTableViewCell.swift */,
				9EE2F4ED2A7FDBBC00B6B7A6 /* RightChatTableViewCell.xib */,
				9EE2F4F02A7FDBD600B6B7A6 /* LeftChatTableViewCell.swift */,
				9EE2F4F12A7FDBD600B6B7A6 /* LeftChatTableViewCell.xib */,
			);
			path = chatbotCells;
			sourceTree = "<group>";
		};
		9EE2F4F62A7FE26A00B6B7A6 /* Manager */ = {
			isa = PBXGroup;
			children = (
				9EE2F4F72A7FE28200B6B7A6 /* ApiManager.swift */,
			);
			path = Manager;
			sourceTree = "<group>";
		};
		9EE2F4FB2A7FE55800B6B7A6 /* Helper */ = {
			isa = PBXGroup;
			children = (
				9EE2F4E92A7FDB3B00B6B7A6 /* Extention.swift */,
				9E41E9532A8026AD00938B42 /* CommonPlaceHolderTextView.swift */,
			);
			path = Helper;
			sourceTree = "<group>";
		};
/* End PBXGroup section */

/* Begin PBXNativeTarget section */
		9EE2F4A92A7FD19500B6B7A6 /* Chatbot */ = {
			isa = PBXNativeTarget;
			buildConfigurationList = 9EE2F4D72A7FD19800B6B7A6 /* Build configuration list for PBXNativeTarget "Chatbot" */;
			buildPhases = (
				9EE2F4A62A7FD19500B6B7A6 /* Sources */,
				9EE2F4A72A7FD19500B6B7A6 /* Frameworks */,
				9EE2F4A82A7FD19500B6B7A6 /* Resources */,
			);
			buildRules = (
			);
			dependencies = (
			);
			name = Chatbot;
			productName = Chatbot;
			productReference = 9EE2F4AA2A7FD19500B6B7A6 /* Chatbot.app */;
			productType = "com.apple.product-type.application";
		};
		9EE2F4C22A7FD19700B6B7A6 /* ChatbotTests */ = {
			isa = PBXNativeTarget;
			buildConfigurationList = 9EE2F4DA2A7FD19800B6B7A6 /* Build configuration list for PBXNativeTarget "ChatbotTests" */;
			buildPhases = (
				9EE2F4BF2A7FD19700B6B7A6 /* Sources */,
				9EE2F4C02A7FD19700B6B7A6 /* Frameworks */,
				9EE2F4C12A7FD19700B6B7A6 /* Resources */,
			);
			buildRules = (
			);
			dependencies = (
				9EE2F4C52A7FD19700B6B7A6 /* PBXTargetDependency */,
			);
			name = ChatbotTests;
			productName = ChatbotTests;
			productReference = 9EE2F4C32A7FD19700B6B7A6 /* ChatbotTests.xctest */;
			productType = "com.apple.product-type.bundle.unit-test";
		};
		9EE2F4CC2A7FD19800B6B7A6 /* ChatbotUITests */ = {
			isa = PBXNativeTarget;
			buildConfigurationList = 9EE2F4DD2A7FD19800B6B7A6 /* Build configuration list for PBXNativeTarget "ChatbotUITests" */;
			buildPhases = (
				9EE2F4C92A7FD19800B6B7A6 /* Sources */,
				9EE2F4CA2A7FD19800B6B7A6 /* Frameworks */,
				9EE2F4CB2A7FD19800B6B7A6 /* Resources */,
			);
			buildRules = (
			);
			dependencies = (
				9EE2F4CF2A7FD19800B6B7A6 /* PBXTargetDependency */,
			);
			name = ChatbotUITests;
			productName = ChatbotUITests;
			productReference = 9EE2F4CD2A7FD19800B6B7A6 /* ChatbotUITests.xctest */;
			productType = "com.apple.product-type.bundle.ui-testing";
		};
/* End PBXNativeTarget section */

/* Begin PBXProject section */
		9EE2F4A22A7FD19500B6B7A6 /* Project object */ = {
			isa = PBXProject;
			attributes = {
				BuildIndependentTargetsInParallel = 1;
				LastSwiftUpdateCheck = 1430;
				LastUpgradeCheck = 1430;
				TargetAttributes = {
					9EE2F4A92A7FD19500B6B7A6 = {
						CreatedOnToolsVersion = 14.3.1;
					};
					9EE2F4C22A7FD19700B6B7A6 = {
						CreatedOnToolsVersion = 14.3.1;
						TestTargetID = 9EE2F4A92A7FD19500B6B7A6;
					};
					9EE2F4CC2A7FD19800B6B7A6 = {
						CreatedOnToolsVersion = 14.3.1;
						TestTargetID = 9EE2F4A92A7FD19500B6B7A6;
					};
				};
			};
			buildConfigurationList = 9EE2F4A52A7FD19500B6B7A6 /* Build configuration list for PBXProject "Chatbot" */;
			compatibilityVersion = "Xcode 14.0";
			developmentRegion = en;
			hasScannedForEncodings = 0;
			knownRegions = (
				en,
				Base,
			);
			mainGroup = 9EE2F4A12A7FD19500B6B7A6;
			productRefGroup = 9EE2F4AB2A7FD19500B6B7A6 /* Products */;
			projectDirPath = "";
			projectRoot = "";
			targets = (
				9EE2F4A92A7FD19500B6B7A6 /* Chatbot */,
				9EE2F4C22A7FD19700B6B7A6 /* ChatbotTests */,
				9EE2F4CC2A7FD19800B6B7A6 /* ChatbotUITests */,
			);
		};
/* End PBXProject section */

/* Begin PBXResourcesBuildPhase section */
		9EE2F4A82A7FD19500B6B7A6 /* Resources */ = {
			isa = PBXResourcesBuildPhase;
			buildActionMask = 2147483647;
			files = (
				9EE2F4BD2A7FD19700B6B7A6 /* LaunchScreen.storyboard in Resources */,
				9EE2F4E82A7FD9F600B6B7A6 /* ChatbotVC.xib in Resources */,
				9EE2F4BA2A7FD19700B6B7A6 /* Assets.xcassets in Resources */,
				9EE2F4B52A7FD19500B6B7A6 /* Main.storyboard in Resources */,
				9EE2F4F32A7FDBD600B6B7A6 /* LeftChatTableViewCell.xib in Resources */,
				9EE2F4EF2A7FDBBC00B6B7A6 /* RightChatTableViewCell.xib in Resources */,
			);
			runOnlyForDeploymentPostprocessing = 0;
		};
		9EE2F4C12A7FD19700B6B7A6 /* Resources */ = {
			isa = PBXResourcesBuildPhase;
			buildActionMask = 2147483647;
			files = (
			);
			runOnlyForDeploymentPostprocessing = 0;
		};
		9EE2F4CB2A7FD19800B6B7A6 /* Resources */ = {
			isa = PBXResourcesBuildPhase;
			buildActionMask = 2147483647;
			files = (
			);
			runOnlyForDeploymentPostprocessing = 0;
		};
/* End PBXResourcesBuildPhase section */

/* Begin PBXSourcesBuildPhase section */
		9EE2F4A62A7FD19500B6B7A6 /* Sources */ = {
			isa = PBXSourcesBuildPhase;
			buildActionMask = 2147483647;
			files = (
				9EE2F4F52A7FDC1800B6B7A6 /* TypingIndicatorView.swift in Sources */,
				9EE2F4B22A7FD19500B6B7A6 /* ViewController.swift in Sources */,
				9EE2F4F82A7FE28200B6B7A6 /* ApiManager.swift in Sources */,
				9EE2F4B82A7FD19500B6B7A6 /* Chatbot.xcdatamodeld in Sources */,
				9EE2F4E72A7FD9F600B6B7A6 /* ChatbotVC.swift in Sources */,
				9EE2F4EE2A7FDBBC00B6B7A6 /* RightChatTableViewCell.swift in Sources */,
				9EE2F4F22A7FDBD600B6B7A6 /* LeftChatTableViewCell.swift in Sources */,
				9EE2F4AE2A7FD19500B6B7A6 /* AppDelegate.swift in Sources */,
				9E41E9542A8026AD00938B42 /* CommonPlaceHolderTextView.swift in Sources */,
				9EE2F4EA2A7FDB3B00B6B7A6 /* Extention.swift in Sources */,
				9EE2F4B02A7FD19500B6B7A6 /* SceneDelegate.swift in Sources */,
			);
			runOnlyForDeploymentPostprocessing = 0;
		};
		9EE2F4BF2A7FD19700B6B7A6 /* Sources */ = {
			isa = PBXSourcesBuildPhase;
			buildActionMask = 2147483647;
			files = (
				9EE2F4C82A7FD19800B6B7A6 /* ChatbotTests.swift in Sources */,
			);
			runOnlyForDeploymentPostprocessing = 0;
		};
		9EE2F4C92A7FD19800B6B7A6 /* Sources */ = {
			isa = PBXSourcesBuildPhase;
			buildActionMask = 2147483647;
			files = (
				9EE2F4D42A7FD19800B6B7A6 /* ChatbotUITestsLaunchTests.swift in Sources */,
				9EE2F4D22A7FD19800B6B7A6 /* ChatbotUITests.swift in Sources */,
			);
			runOnlyForDeploymentPostprocessing = 0;
		};
/* End PBXSourcesBuildPhase section */

/* Begin PBXTargetDependency section */
		9EE2F4C52A7FD19700B6B7A6 /* PBXTargetDependency */ = {
			isa = PBXTargetDependency;
			target = 9EE2F4A92A7FD19500B6B7A6 /* Chatbot */;
			targetProxy = 9EE2F4C42A7FD19700B6B7A6 /* PBXContainerItemProxy */;
		};
		9EE2F4CF2A7FD19800B6B7A6 /* PBXTargetDependency */ = {
			isa = PBXTargetDependency;
			target = 9EE2F4A92A7FD19500B6B7A6 /* Chatbot */;
			targetProxy = 9EE2F4CE2A7FD19800B6B7A6 /* PBXContainerItemProxy */;
		};
/* End PBXTargetDependency section */

/* Begin PBXVariantGroup section */
		9EE2F4B32A7FD19500B6B7A6 /* Main.storyboard */ = {
			isa = PBXVariantGroup;
			children = (
				9EE2F4B42A7FD19500B6B7A6 /* Base */,
			);
			name = Main.storyboard;
			sourceTree = "<group>";
		};
		9EE2F4BB2A7FD19700B6B7A6 /* LaunchScreen.storyboard */ = {
			isa = PBXVariantGroup;
			children = (
				9EE2F4BC2A7FD19700B6B7A6 /* Base */,
			);
			name = LaunchScreen.storyboard;
			sourceTree = "<group>";
		};
/* End PBXVariantGroup section */

/* Begin XCBuildConfiguration section */
		9EE2F4D52A7FD19800B6B7A6 /* Debug */ = {
			isa = XCBuildConfiguration;
			buildSettings = {
				ALWAYS_SEARCH_USER_PATHS = NO;
				CLANG_ANALYZER_NONNULL = YES;
				CLANG_ANALYZER_NUMBER_OBJECT_CONVERSION = YES_AGGRESSIVE;
				CLANG_CXX_LANGUAGE_STANDARD = "gnu++20";
				CLANG_ENABLE_MODULES = YES;
				CLANG_ENABLE_OBJC_ARC = YES;
				CLANG_ENABLE_OBJC_WEAK = YES;
				CLANG_WARN_BLOCK_CAPTURE_AUTORELEASING = YES;
				CLANG_WARN_BOOL_CONVERSION = YES;
				CLANG_WARN_COMMA = YES;
				CLANG_WARN_CONSTANT_CONVERSION = YES;
				CLANG_WARN_DEPRECATED_OBJC_IMPLEMENTATIONS = YES;
				CLANG_WARN_DIRECT_OBJC_ISA_USAGE = YES_ERROR;
				CLANG_WARN_DOCUMENTATION_COMMENTS = YES;
				CLANG_WARN_EMPTY_BODY = YES;
				CLANG_WARN_ENUM_CONVERSION = YES;
				CLANG_WARN_INFINITE_RECURSION = YES;
				CLANG_WARN_INT_CONVERSION = YES;
				CLANG_WARN_NON_LITERAL_NULL_CONVERSION = YES;
				CLANG_WARN_OBJC_IMPLICIT_RETAIN_SELF = YES;
				CLANG_WARN_OBJC_LITERAL_CONVERSION = YES;
				CLANG_WARN_OBJC_ROOT_CLASS = YES_ERROR;
				CLANG_WARN_QUOTED_INCLUDE_IN_FRAMEWORK_HEADER = YES;
				CLANG_WARN_RANGE_LOOP_ANALYSIS = YES;
				CLANG_WARN_STRICT_PROTOTYPES = YES;
				CLANG_WARN_SUSPICIOUS_MOVE = YES;
				CLANG_WARN_UNGUARDED_AVAILABILITY = YES_AGGRESSIVE;
				CLANG_WARN_UNREACHABLE_CODE = YES;
				CLANG_WARN__DUPLICATE_METHOD_MATCH = YES;
				COPY_PHASE_STRIP = NO;
				DEBUG_INFORMATION_FORMAT = dwarf;
				ENABLE_STRICT_OBJC_MSGSEND = YES;
				ENABLE_TESTABILITY = YES;
				GCC_C_LANGUAGE_STANDARD = gnu11;
				GCC_DYNAMIC_NO_PIC = NO;
				GCC_NO_COMMON_BLOCKS = YES;
				GCC_OPTIMIZATION_LEVEL = 0;
				GCC_PREPROCESSOR_DEFINITIONS = (
					"DEBUG=1",
					"$(inherited)",
				);
				GCC_WARN_64_TO_32_BIT_CONVERSION = YES;
				GCC_WARN_ABOUT_RETURN_TYPE = YES_ERROR;
				GCC_WARN_UNDECLARED_SELECTOR = YES;
				GCC_WARN_UNINITIALIZED_AUTOS = YES_AGGRESSIVE;
				GCC_WARN_UNUSED_FUNCTION = YES;
				GCC_WARN_UNUSED_VARIABLE = YES;
				IPHONEOS_DEPLOYMENT_TARGET = 16.4;
				MTL_ENABLE_DEBUG_INFO = INCLUDE_SOURCE;
				MTL_FAST_MATH = YES;
				ONLY_ACTIVE_ARCH = YES;
				SDKROOT = iphoneos;
				SWIFT_ACTIVE_COMPILATION_CONDITIONS = DEBUG;
				SWIFT_OPTIMIZATION_LEVEL = "-Onone";
			};
			name = Debug;
		};
		9EE2F4D62A7FD19800B6B7A6 /* Release */ = {
			isa = XCBuildConfiguration;
			buildSettings = {
				ALWAYS_SEARCH_USER_PATHS = NO;
				CLANG_ANALYZER_NONNULL = YES;
				CLANG_ANALYZER_NUMBER_OBJECT_CONVERSION = YES_AGGRESSIVE;
				CLANG_CXX_LANGUAGE_STANDARD = "gnu++20";
				CLANG_ENABLE_MODULES = YES;
				CLANG_ENABLE_OBJC_ARC = YES;
				CLANG_ENABLE_OBJC_WEAK = YES;
				CLANG_WARN_BLOCK_CAPTURE_AUTORELEASING = YES;
				CLANG_WARN_BOOL_CONVERSION = YES;
				CLANG_WARN_COMMA = YES;
				CLANG_WARN_CONSTANT_CONVERSION = YES;
				CLANG_WARN_DEPRECATED_OBJC_IMPLEMENTATIONS = YES;
				CLANG_WARN_DIRECT_OBJC_ISA_USAGE = YES_ERROR;
				CLANG_WARN_DOCUMENTATION_COMMENTS = YES;
				CLANG_WARN_EMPTY_BODY = YES;
				CLANG_WARN_ENUM_CONVERSION = YES;
				CLANG_WARN_INFINITE_RECURSION = YES;
				CLANG_WARN_INT_CONVERSION = YES;
				CLANG_WARN_NON_LITERAL_NULL_CONVERSION = YES;
				CLANG_WARN_OBJC_IMPLICIT_RETAIN_SELF = YES;
				CLANG_WARN_OBJC_LITERAL_CONVERSION = YES;
				CLANG_WARN_OBJC_ROOT_CLASS = YES_ERROR;
				CLANG_WARN_QUOTED_INCLUDE_IN_FRAMEWORK_HEADER = YES;
				CLANG_WARN_RANGE_LOOP_ANALYSIS = YES;
				CLANG_WARN_STRICT_PROTOTYPES = YES;
				CLANG_WARN_SUSPICIOUS_MOVE = YES;
				CLANG_WARN_UNGUARDED_AVAILABILITY = YES_AGGRESSIVE;
				CLANG_WARN_UNREACHABLE_CODE = YES;
				CLANG_WARN__DUPLICATE_METHOD_MATCH = YES;
				COPY_PHASE_STRIP = NO;
				DEBUG_INFORMATION_FORMAT = "dwarf-with-dsym";
				ENABLE_NS_ASSERTIONS = NO;
				ENABLE_STRICT_OBJC_MSGSEND = YES;
				GCC_C_LANGUAGE_STANDARD = gnu11;
				GCC_NO_COMMON_BLOCKS = YES;
				GCC_WARN_64_TO_32_BIT_CONVERSION = YES;
				GCC_WARN_ABOUT_RETURN_TYPE = YES_ERROR;
				GCC_WARN_UNDECLARED_SELECTOR = YES;
				GCC_WARN_UNINITIALIZED_AUTOS = YES_AGGRESSIVE;
				GCC_WARN_UNUSED_FUNCTION = YES;
				GCC_WARN_UNUSED_VARIABLE = YES;
				IPHONEOS_DEPLOYMENT_TARGET = 16.4;
				MTL_ENABLE_DEBUG_INFO = NO;
				MTL_FAST_MATH = YES;
				SDKROOT = iphoneos;
				SWIFT_COMPILATION_MODE = wholemodule;
				SWIFT_OPTIMIZATION_LEVEL = "-O";
				VALIDATE_PRODUCT = YES;
			};
			name = Release;
		};
		9EE2F4D82A7FD19800B6B7A6 /* Debug */ = {
			isa = XCBuildConfiguration;
			buildSettings = {
				ASSETCATALOG_COMPILER_APPICON_NAME = AppIcon;
				ASSETCATALOG_COMPILER_GLOBAL_ACCENT_COLOR_NAME = AccentColor;
				ASSETCATALOG_COMPILER_INCLUDE_ALL_APPICON_ASSETS = NO;
				CODE_SIGN_STYLE = Automatic;
				CURRENT_PROJECT_VERSION = 1;
				DEVELOPMENT_TEAM = NJ6CZKZG9K;
				GENERATE_INFOPLIST_FILE = YES;
				INFOPLIST_FILE = Chatbot/Info.plist;
				INFOPLIST_KEY_CFBundleDisplayName = ChatBot;
				INFOPLIST_KEY_LSApplicationCategoryType = "public.app-category.developer-tools";
				INFOPLIST_KEY_UIApplicationSupportsIndirectInputEvents = YES;
				INFOPLIST_KEY_UILaunchStoryboardName = Main.storyboard;
				INFOPLIST_KEY_UIMainStoryboardFile = Main;
				INFOPLIST_KEY_UISupportedInterfaceOrientations_iPad = "UIInterfaceOrientationPortrait UIInterfaceOrientationPortraitUpsideDown UIInterfaceOrientationLandscapeLeft UIInterfaceOrientationLandscapeRight";
				INFOPLIST_KEY_UISupportedInterfaceOrientations_iPhone = "UIInterfaceOrientationPortrait UIInterfaceOrientationLandscapeLeft UIInterfaceOrientationLandscapeRight";
				LD_RUNPATH_SEARCH_PATHS = (
					"$(inherited)",
					"@executable_path/Frameworks",
				);
				MARKETING_VERSION = 1.0;
				PRODUCT_BUNDLE_IDENTIFIER = khusboo.Chatbot;
				PRODUCT_NAME = "$(TARGET_NAME)";
				SWIFT_EMIT_LOC_STRINGS = YES;
				SWIFT_VERSION = 5.0;
				TARGETED_DEVICE_FAMILY = "1,2";
			};
			name = Debug;
		};
		9EE2F4D92A7FD19800B6B7A6 /* Release */ = {
			isa = XCBuildConfiguration;
			buildSettings = {
				ASSETCATALOG_COMPILER_APPICON_NAME = AppIcon;
				ASSETCATALOG_COMPILER_GLOBAL_ACCENT_COLOR_NAME = AccentColor;
				ASSETCATALOG_COMPILER_INCLUDE_ALL_APPICON_ASSETS = NO;
				CODE_SIGN_STYLE = Automatic;
				CURRENT_PROJECT_VERSION = 1;
				DEVELOPMENT_TEAM = NJ6CZKZG9K;
				GENERATE_INFOPLIST_FILE = YES;
				INFOPLIST_FILE = Chatbot/Info.plist;
				INFOPLIST_KEY_CFBundleDisplayName = ChatBot;
				INFOPLIST_KEY_LSApplicationCategoryType = "public.app-category.developer-tools";
				INFOPLIST_KEY_UIApplicationSupportsIndirectInputEvents = YES;
				INFOPLIST_KEY_UILaunchStoryboardName = Main.storyboard;
				INFOPLIST_KEY_UIMainStoryboardFile = Main;
				INFOPLIST_KEY_UISupportedInterfaceOrientations_iPad = "UIInterfaceOrientationPortrait UIInterfaceOrientationPortraitUpsideDown UIInterfaceOrientationLandscapeLeft UIInterfaceOrientationLandscapeRight";
				INFOPLIST_KEY_UISupportedInterfaceOrientations_iPhone = "UIInterfaceOrientationPortrait UIInterfaceOrientationLandscapeLeft UIInterfaceOrientationLandscapeRight";
				LD_RUNPATH_SEARCH_PATHS = (
					"$(inherited)",
					"@executable_path/Frameworks",
				);
				MARKETING_VERSION = 1.0;
				PRODUCT_BUNDLE_IDENTIFIER = khusboo.Chatbot;
				PRODUCT_NAME = "$(TARGET_NAME)";
				SWIFT_EMIT_LOC_STRINGS = YES;
				SWIFT_VERSION = 5.0;
				TARGETED_DEVICE_FAMILY = "1,2";
			};
			name = Release;
		};
		9EE2F4DB2A7FD19800B6B7A6 /* Debug */ = {
			isa = XCBuildConfiguration;
			buildSettings = {
				ALWAYS_EMBED_SWIFT_STANDARD_LIBRARIES = YES;
				BUNDLE_LOADER = "$(TEST_HOST)";
				CODE_SIGN_STYLE = Automatic;
				CURRENT_PROJECT_VERSION = 1;
				DEVELOPMENT_TEAM = NJ6CZKZG9K;
				GENERATE_INFOPLIST_FILE = YES;
				IPHONEOS_DEPLOYMENT_TARGET = 16.4;
				MARKETING_VERSION = 1.0;
				PRODUCT_BUNDLE_IDENTIFIER = khusboo.ChatbotTests;
				PRODUCT_NAME = "$(TARGET_NAME)";
				SWIFT_EMIT_LOC_STRINGS = NO;
				SWIFT_VERSION = 5.0;
				TARGETED_DEVICE_FAMILY = "1,2";
				TEST_HOST = "$(BUILT_PRODUCTS_DIR)/Chatbot.app/$(BUNDLE_EXECUTABLE_FOLDER_PATH)/Chatbot";
			};
			name = Debug;
		};
		9EE2F4DC2A7FD19800B6B7A6 /* Release */ = {
			isa = XCBuildConfiguration;
			buildSettings = {
				ALWAYS_EMBED_SWIFT_STANDARD_LIBRARIES = YES;
				BUNDLE_LOADER = "$(TEST_HOST)";
				CODE_SIGN_STYLE = Automatic;
				CURRENT_PROJECT_VERSION = 1;
				DEVELOPMENT_TEAM = NJ6CZKZG9K;
				GENERATE_INFOPLIST_FILE = YES;
				IPHONEOS_DEPLOYMENT_TARGET = 16.4;
				MARKETING_VERSION = 1.0;
				PRODUCT_BUNDLE_IDENTIFIER = khusboo.ChatbotTests;
				PRODUCT_NAME = "$(TARGET_NAME)";
				SWIFT_EMIT_LOC_STRINGS = NO;
				SWIFT_VERSION = 5.0;
				TARGETED_DEVICE_FAMILY = "1,2";
				TEST_HOST = "$(BUILT_PRODUCTS_DIR)/Chatbot.app/$(BUNDLE_EXECUTABLE_FOLDER_PATH)/Chatbot";
			};
			name = Release;
		};
		9EE2F4DE2A7FD19800B6B7A6 /* Debug */ = {
			isa = XCBuildConfiguration;
			buildSettings = {
				ALWAYS_EMBED_SWIFT_STANDARD_LIBRARIES = YES;
				CODE_SIGN_STYLE = Automatic;
				CURRENT_PROJECT_VERSION = 1;
				DEVELOPMENT_TEAM = NJ6CZKZG9K;
				GENERATE_INFOPLIST_FILE = YES;
				MARKETING_VERSION = 1.0;
				PRODUCT_BUNDLE_IDENTIFIER = khusboo.ChatbotUITests;
				PRODUCT_NAME = "$(TARGET_NAME)";
				SWIFT_EMIT_LOC_STRINGS = NO;
				SWIFT_VERSION = 5.0;
				TARGETED_DEVICE_FAMILY = "1,2";
				TEST_TARGET_NAME = Chatbot;
			};
			name = Debug;
		};
		9EE2F4DF2A7FD19800B6B7A6 /* Release */ = {
			isa = XCBuildConfiguration;
			buildSettings = {
				ALWAYS_EMBED_SWIFT_STANDARD_LIBRARIES = YES;
				CODE_SIGN_STYLE = Automatic;
				CURRENT_PROJECT_VERSION = 1;
				DEVELOPMENT_TEAM = NJ6CZKZG9K;
				GENERATE_INFOPLIST_FILE = YES;
				MARKETING_VERSION = 1.0;
				PRODUCT_BUNDLE_IDENTIFIER = khusboo.ChatbotUITests;
				PRODUCT_NAME = "$(TARGET_NAME)";
				SWIFT_EMIT_LOC_STRINGS = NO;
				SWIFT_VERSION = 5.0;
				TARGETED_DEVICE_FAMILY = "1,2";
				TEST_TARGET_NAME = Chatbot;
			};
			name = Release;
		};
/* End XCBuildConfiguration section */

/* Begin XCConfigurationList section */
		9EE2F4A52A7FD19500B6B7A6 /* Build configuration list for PBXProject "Chatbot" */ = {
			isa = XCConfigurationList;
			buildConfigurations = (
				9EE2F4D52A7FD19800B6B7A6 /* Debug */,
				9EE2F4D62A7FD19800B6B7A6 /* Release */,
			);
			defaultConfigurationIsVisible = 0;
			defaultConfigurationName = Release;
		};
		9EE2F4D72A7FD19800B6B7A6 /* Build configuration list for PBXNativeTarget "Chatbot" */ = {
			isa = XCConfigurationList;
			buildConfigurations = (
				9EE2F4D82A7FD19800B6B7A6 /* Debug */,
				9EE2F4D92A7FD19800B6B7A6 /* Release */,
			);
			defaultConfigurationIsVisible = 0;
			defaultConfigurationName = Release;
		};
		9EE2F4DA2A7FD19800B6B7A6 /* Build configuration list for PBXNativeTarget "ChatbotTests" */ = {
			isa = XCConfigurationList;
			buildConfigurations = (
				9EE2F4DB2A7FD19800B6B7A6 /* Debug */,
				9EE2F4DC2A7FD19800B6B7A6 /* Release */,
			);
			defaultConfigurationIsVisible = 0;
			defaultConfigurationName = Release;
		};
		9EE2F4DD2A7FD19800B6B7A6 /* Build configuration list for PBXNativeTarget "ChatbotUITests" */ = {
			isa = XCConfigurationList;
			buildConfigurations = (
				9EE2F4DE2A7FD19800B6B7A6 /* Debug */,
				9EE2F4DF2A7FD19800B6B7A6 /* Release */,
			);
			defaultConfigurationIsVisible = 0;
			defaultConfigurationName = Release;
		};
/* End XCConfigurationList section */

/* Begin XCVersionGroup section */
		9EE2F4B62A7FD19500B6B7A6 /* Chatbot.xcdatamodeld */ = {
			isa = XCVersionGroup;
			children = (
				9EE2F4B72A7FD19500B6B7A6 /* Chatbot.xcdatamodel */,
			);
			currentVersion = 9EE2F4B72A7FD19500B6B7A6 /* Chatbot.xcdatamodel */;
			path = Chatbot.xcdatamodeld;
			sourceTree = "<group>";
			versionGroupType = wrapper.xcdatamodel;
		};
/* End XCVersionGroup section */
	};
	rootObject = 9EE2F4A22A7FD19500B6B7A6 /* Project object */;
}
